
Microsoft Visual Studio Solution File, Format Version 12.00
# Visual Studio Version 17
VisualStudioVersion = 17.0.31903.59
MinimumVisualStudioVersion = 10.0.40219.1
Project("{2150E333-8FDC-42A3-9474-1A3956D46DE8}") = "src", "src", "{827E0CD3-B72D-47B6-A68D-7590B98EB39B}"
EndProject
Project("{FAE04EC0-301F-11D3-BF4B-00C04F79EFBC}") = "ImGui.Core", "src\ImGui.Core\ImGui.Core.csproj", "{77A5601D-E8FE-4084-9020-4232EEA0228C}"
EndProject
Project("{2150E333-8FDC-42A3-9474-1A3956D46DE8}") = "tests", "tests", "{0AB3BF05-4346-4AA6-1389-037BE0695223}"
EndProject
Project("{FAE04EC0-301F-11D3-BF4B-00C04F79EFBC}") = "ImGui.Core.Tests", "tests\ImGui.Core.Tests\ImGui.Core.Tests.csproj", "{F3408084-F457-4E6A-B240-0C970A0DE156}"
EndProject
Global
	GlobalSection(SolutionConfigurationPlatforms) = preSolution
		Debug|Any CPU = Debug|Any CPU
		Debug|x64 = Debug|x64
		Debug|x86 = Debug|x86
		Release|Any CPU = Release|Any CPU
		Release|x64 = Release|x64
		Release|x86 = Release|x86
	EndGlobalSection
	GlobalSection(ProjectConfigurationPlatforms) = postSolution
		{77A5601D-E8FE-4084-9020-4232EEA0228C}.Debug|Any CPU.ActiveCfg = Debug|Any CPU
		{77A5601D-E8FE-4084-9020-4232EEA0228C}.Debug|Any CPU.Build.0 = Debug|Any CPU
		{77A5601D-E8FE-4084-9020-4232EEA0228C}.Debug|x64.ActiveCfg = Debug|Any CPU
		{77A5601D-E8FE-4084-9020-4232EEA0228C}.Debug|x64.Build.0 = Debug|Any CPU
		{77A5601D-E8FE-4084-9020-4232EEA0228C}.Debug|x86.ActiveCfg = Debug|Any CPU
		{77A5601D-E8FE-4084-9020-4232EEA0228C}.Debug|x86.Build.0 = Debug|Any CPU
		{77A5601D-E8FE-4084-9020-4232EEA0228C}.Release|Any CPU.ActiveCfg = Release|Any CPU
		{77A5601D-E8FE-4084-9020-4232EEA0228C}.Release|Any CPU.Build.0 = Release|Any CPU
		{77A5601D-E8FE-4084-9020-4232EEA0228C}.Release|x64.ActiveCfg = Release|Any CPU
		{77A5601D-E8FE-4084-9020-4232EEA0228C}.Release|x64.Build.0 = Release|Any CPU
		{77A5601D-E8FE-4084-9020-4232EEA0228C}.Release|x86.ActiveCfg = Release|Any CPU
		{77A5601D-E8FE-4084-9020-4232EEA0228C}.Release|x86.Build.0 = Release|Any CPU
		{F3408084-F457-4E6A-B240-0C970A0DE156}.Debug|Any CPU.ActiveCfg = Debug|Any CPU
		{F3408084-F457-4E6A-B240-0C970A0DE156}.Debug|Any CPU.Build.0 = Debug|Any CPU
		{F3408084-F457-4E6A-B240-0C970A0DE156}.Debug|x64.ActiveCfg = Debug|Any CPU
		{F3408084-F457-4E6A-B240-0C970A0DE156}.Debug|x64.Build.0 = Debug|Any CPU
		{F3408084-F457-4E6A-B240-0C970A0DE156}.Debug|x86.ActiveCfg = Debug|Any CPU
		{F3408084-F457-4E6A-B240-0C970A0DE156}.Debug|x86.Build.0 = Debug|Any CPU
		{F3408084-F457-4E6A-B240-0C970A0DE156}.Release|Any CPU.ActiveCfg = Release|Any CPU
		{F3408084-F457-4E6A-B240-0C970A0DE156}.Release|Any CPU.Build.0 = Release|Any CPU
		{F3408084-F457-4E6A-B240-0C970A0DE156}.Release|x64.ActiveCfg = Release|Any CPU
		{F3408084-F457-4E6A-B240-0C970A0DE156}.Release|x64.Build.0 = Release|Any CPU
		{F3408084-F457-4E6A-B240-0C970A0DE156}.Release|x86.ActiveCfg = Release|Any CPU
		{F3408084-F457-4E6A-B240-0C970A0DE156}.Release|x86.Build.0 = Release|Any CPU
	EndGlobalSection
	GlobalSection(SolutionProperties) = preSolution
		HideSolutionNode = FALSE
	EndGlobalSection
	GlobalSection(NestedProjects) = preSolution
		{77A5601D-E8FE-4084-9020-4232EEA0228C} = {827E0CD3-B72D-47B6-A68D-7590B98EB39B}
		{F3408084-F457-4E6A-B240-0C970A0DE156} = {0AB3BF05-4346-4AA6-1389-037BE0695223}
	EndGlobalSection
EndGlobal
